{
  "name": "lab1",
  "version": "1.0.0",
  "lockfileVersion": 2,
  "requires": true,
  "packages": {
    "": {
      "name": "lab1",
      "version": "1.0.0",
      "license": "MIT",
      "dependencies": {
        "task7models": "file:task7models"
      }
    },
    "node_modules/task7models": {
      "resolved": "task7models",
      "link": true
    },
    "task7models": {
      "version": "1.0.0",
      "license": "ISC"
    }
  },
  "dependencies": {
    "task7models": {
      "version": "file:task7models"
    }
  }
}
